
Microsoft Visual Studio Solution File, Format Version 12.00
# Visual Studio 14
VisualStudioVersion = 14.0.25123.0
MinimumVisualStudioVersion = 10.0.40219.1
Project("{FAE04EC0-301F-11D3-BF4B-00C04F79EFBC}") = "Accessibility", "Accessibility\Accessibility.csproj", "{B7F59749-7157-4CAF-B40B-3C2CD8077CB4}"
EndProject
Global
	GlobalSection(SolutionConfigurationPlatforms) = preSolution
		Ad-Hoc|iPhone = Ad-Hoc|iPhone
		Ad-Hoc|iPhoneSimulator = Ad-Hoc|iPhoneSimulator
		AppStore|iPhone = AppStore|iPhone
		AppStore|iPhoneSimulator = AppStore|iPhoneSimulator
		Debug|iPhone = Debug|iPhone
		Debug|iPhoneSimulator = Debug|iPhoneSimulator
		Release|iPhone = Release|iPhone
		Release|iPhoneSimulator = Release|iPhoneSimulator
	EndGlobalSection
	GlobalSection(ProjectConfigurationPlatforms) = postSolution
		{B7F59749-7157-4CAF-B40B-3C2CD8077CB4}.Ad-Hoc|iPhone.ActiveCfg = Ad-Hoc|iPhone
		{B7F59749-7157-4CAF-B40B-3C2CD8077CB4}.Ad-Hoc|iPhone.Build.0 = Ad-Hoc|iPhone
		{B7F59749-7157-4CAF-B40B-3C2CD8077CB4}.Ad-Hoc|iPhoneSimulator.ActiveCfg = Ad-Hoc|iPhoneSimulator
		{B7F59749-7157-4CAF-B40B-3C2CD8077CB4}.Ad-Hoc|iPhoneSimulator.Build.0 = Ad-Hoc|iPhoneSimulator
		{B7F59749-7157-4CAF-B40B-3C2CD8077CB4}.AppStore|iPhone.ActiveCfg = AppStore|iPhone
		{B7F59749-7157-4CAF-B40B-3C2CD8077CB4}.AppStore|iPhone.Build.0 = AppStore|iPhone
		{B7F59749-7157-4CAF-B40B-3C2CD8077CB4}.AppStore|iPhoneSimulator.ActiveCfg = AppStore|iPhoneSimulator
		{B7F59749-7157-4CAF-B40B-3C2CD8077CB4}.AppStore|iPhoneSimulator.Build.0 = AppStore|iPhoneSimulator
		{B7F59749-7157-4CAF-B40B-3C2CD8077CB4}.Debug|iPhone.ActiveCfg = Debug|iPhone
		{B7F59749-7157-4CAF-B40B-3C2CD8077CB4}.Debug|iPhone.Build.0 = Debug|iPhone
		{B7F59749-7157-4CAF-B40B-3C2CD8077CB4}.Debug|iPhoneSimulator.ActiveCfg = Debug|iPhoneSimulator
		{B7F59749-7157-4CAF-B40B-3C2CD8077CB4}.Debug|iPhoneSimulator.Build.0 = Debug|iPhoneSimulator
		{B7F59749-7157-4CAF-B40B-3C2CD8077CB4}.Release|iPhone.ActiveCfg = Release|iPhone
		{B7F59749-7157-4CAF-B40B-3C2CD8077CB4}.Release|iPhone.Build.0 = Release|iPhone
		{B7F59749-7157-4CAF-B40B-3C2CD8077CB4}.Release|iPhoneSimulator.ActiveCfg = Release|iPhoneSimulator
		{B7F59749-7157-4CAF-B40B-3C2CD8077CB4}.Release|iPhoneSimulator.Build.0 = Release|iPhoneSimulator
	EndGlobalSection
	GlobalSection(SolutionProperties) = preSolution
		HideSolutionNode = FALSE
	EndGlobalSection
EndGlobal
